
Microsoft Visual Studio Solution File, Format Version 12.00
# Visual Studio Version 17
VisualStudioVersion = 17.7.34024.191
MinimumVisualStudioVersion = 10.0.40219.1
Project("{9A19103F-16F7-4668-BE54-9A1E7A4F7556}") = "genetyczne", "genetyczne.csproj", "{97EE6836-1F8E-4D25-ACCC-7E94DF2CFB9B}"
EndProject
Global
	GlobalSection(SolutionConfigurationPlatforms) = preSolution
		Debug|Any CPU = Debug|Any CPU
		Release|Any CPU = Release|Any CPU
	EndGlobalSection
	GlobalSection(ProjectConfigurationPlatforms) = postSolution
		{97EE6836-1F8E-4D25-ACCC-7E94DF2CFB9B}.Debug|Any CPU.ActiveCfg = Debug|Any CPU
		{97EE6836-1F8E-4D25-ACCC-7E94DF2CFB9B}.Debug|Any CPU.Build.0 = Debug|Any CPU
		{97EE6836-1F8E-4D25-ACCC-7E94DF2CFB9B}.Release|Any CPU.ActiveCfg = Release|Any CPU
		{97EE6836-1F8E-4D25-ACCC-7E94DF2CFB9B}.Release|Any CPU.Build.0 = Release|Any CPU
	EndGlobalSection
	GlobalSection(SolutionProperties) = preSolution
		HideSolutionNode = FALSE
	EndGlobalSection
	GlobalSection(ExtensibilityGlobals) = postSolution
		SolutionGuid = {40CCDF52-FF38-45FB-96B6-BD557B81EDD0}
	EndGlobalSection
EndGlobal
